Microsoft Visual Studio Solution File, Format Version 12.00
# Visual Studio Version 17
VisualStudioVersion = 17.5.2.0
MinimumVisualStudioVersion = 10.0.40219.1
Project("{FAE04EC0-301F-11D3-BF4B-00C04F79EFBC}") = "CATALOGODEREVISTA", "CATALOGODEREVISTA\CATALOGODEREVISTA.csproj", "{2626C703-6028-F0C0-A71E-8BCE9C634727}"
EndProject
Global
	GlobalSection(SolutionConfigurationPlatforms) = preSolution
		Debug|Any CPU = Debug|Any CPU
		Release|Any CPU = Release|Any CPU
	EndGlobalSection
	GlobalSection(ProjectConfigurationPlatforms) = postSolution
		{2626C703-6028-F0C0-A71E-8BCE9C634727}.Debug|Any CPU.ActiveCfg = Debug|Any CPU
		{2626C703-6028-F0C0-A71E-8BCE9C634727}.Debug|Any CPU.Build.0 = Debug|Any CPU
		{2626C703-6028-F0C0-A71E-8BCE9C634727}.Release|Any CPU.ActiveCfg = Release|Any CPU
		{2626C703-6028-F0C0-A71E-8BCE9C634727}.Release|Any CPU.Build.0 = Release|Any CPU
	EndGlobalSection
	GlobalSection(SolutionProperties) = preSolution
		HideSolutionNode = FALSE
	EndGlobalSection
	GlobalSection(ExtensibilityGlobals) = postSolution
		SolutionGuid = {D74CF957-8144-47D1-AE48-D5FA21219201}
	EndGlobalSection
EndGlobal
