Microsoft Visual Studio Solution File, Format Version 12.00
# Visual Studio Version 17
VisualStudioVersion = 17.5.2.0
MinimumVisualStudioVersion = 10.0.40219.1
Project("{FAE04EC0-301F-11D3-BF4B-00C04F79EFBC}") = "InvertirLista", "InvertirLista\InvertirLista.csproj", "{1A0685E2-CF73-4259-6439-E49683FA67CB}"
EndProject
Global
	GlobalSection(SolutionConfigurationPlatforms) = preSolution
		Debug|Any CPU = Debug|Any CPU
		Release|Any CPU = Release|Any CPU
	EndGlobalSection
	GlobalSection(ProjectConfigurationPlatforms) = postSolution
		{1A0685E2-CF73-4259-6439-E49683FA67CB}.Debug|Any CPU.ActiveCfg = Debug|Any CPU
		{1A0685E2-CF73-4259-6439-E49683FA67CB}.Debug|Any CPU.Build.0 = Debug|Any CPU
		{1A0685E2-CF73-4259-6439-E49683FA67CB}.Release|Any CPU.ActiveCfg = Release|Any CPU
		{1A0685E2-CF73-4259-6439-E49683FA67CB}.Release|Any CPU.Build.0 = Release|Any CPU
	EndGlobalSection
	GlobalSection(SolutionProperties) = preSolution
		HideSolutionNode = FALSE
	EndGlobalSection
	GlobalSection(ExtensibilityGlobals) = postSolution
		SolutionGuid = {A1874830-CC00-4D20-8821-E5FCD8F5C557}
	EndGlobalSection
EndGlobal
